# This file is automatically @generated by Cargo.
# It is not intended for manual editing.
version = 3

[[package]]
name = "day-01"
version = "0.1.0"

[[package]]
name = "day-02"
version = "0.1.0"

[[package]]
name = "day-03"
version = "0.1.0"

[[package]]
name = "day-04"
version = "0.1.0"

[[package]]
name = "day-05"
version = "0.1.0"

[[package]]
name = "day-06"
version = "0.1.0"

[[package]]
name = "day-07"
version = "0.1.0"

[[package]]
name = "day-08"
version = "0.1.0"

[[package]]
name = "day-09"
version = "0.1.0"
